
Microsoft Visual Studio Solution File, Format Version 12.00
# Visual Studio Version 17
VisualStudioVersion = 17.0.32014.148
MinimumVisualStudioVersion = 10.0.40219.1
Project("{FAE04EC0-301F-11D3-BF4B-00C04F79EFBC}") = "DataType_conversions", "DataType_conversions\DataType_conversions.csproj", "{8B965DB4-C4CA-4F50-B7E2-5B41AC7196D1}"
EndProject
Project("{FAE04EC0-301F-11D3-BF4B-00C04F79EFBC}") = "Constant Variable", "Constant Variable\Constant Variable.csproj", "{65C83093-2F52-4549-B5E0-CB3DE01CC7D4}"
EndProject
Project("{FAE04EC0-301F-11D3-BF4B-00C04F79EFBC}") = "DateAndTime", "DateAndTime\DateAndTime.csproj", "{DB70F939-E8D3-4842-915F-A06C6EE0011D}"
EndProject
Project("{FAE04EC0-301F-11D3-BF4B-00C04F79EFBC}") = "OPerator", "OPerator\OPerator.csproj", "{49F705D5-7AA3-40D2-92BE-163E4E32C687}"
EndProject
Global
	GlobalSection(SolutionConfigurationPlatforms) = preSolution
		Debug|Any CPU = Debug|Any CPU
		Release|Any CPU = Release|Any CPU
	EndGlobalSection
	GlobalSection(ProjectConfigurationPlatforms) = postSolution
		{8B965DB4-C4CA-4F50-B7E2-5B41AC7196D1}.Debug|Any CPU.ActiveCfg = Debug|Any CPU
		{8B965DB4-C4CA-4F50-B7E2-5B41AC7196D1}.Debug|Any CPU.Build.0 = Debug|Any CPU
		{8B965DB4-C4CA-4F50-B7E2-5B41AC7196D1}.Release|Any CPU.ActiveCfg = Release|Any CPU
		{8B965DB4-C4CA-4F50-B7E2-5B41AC7196D1}.Release|Any CPU.Build.0 = Release|Any CPU
		{65C83093-2F52-4549-B5E0-CB3DE01CC7D4}.Debug|Any CPU.ActiveCfg = Debug|Any CPU
		{65C83093-2F52-4549-B5E0-CB3DE01CC7D4}.Debug|Any CPU.Build.0 = Debug|Any CPU
		{65C83093-2F52-4549-B5E0-CB3DE01CC7D4}.Release|Any CPU.ActiveCfg = Release|Any CPU
		{65C83093-2F52-4549-B5E0-CB3DE01CC7D4}.Release|Any CPU.Build.0 = Release|Any CPU
		{DB70F939-E8D3-4842-915F-A06C6EE0011D}.Debug|Any CPU.ActiveCfg = Debug|Any CPU
		{DB70F939-E8D3-4842-915F-A06C6EE0011D}.Debug|Any CPU.Build.0 = Debug|Any CPU
		{DB70F939-E8D3-4842-915F-A06C6EE0011D}.Release|Any CPU.ActiveCfg = Release|Any CPU
		{DB70F939-E8D3-4842-915F-A06C6EE0011D}.Release|Any CPU.Build.0 = Release|Any CPU
		{49F705D5-7AA3-40D2-92BE-163E4E32C687}.Debug|Any CPU.ActiveCfg = Debug|Any CPU
		{49F705D5-7AA3-40D2-92BE-163E4E32C687}.Debug|Any CPU.Build.0 = Debug|Any CPU
		{49F705D5-7AA3-40D2-92BE-163E4E32C687}.Release|Any CPU.ActiveCfg = Release|Any CPU
		{49F705D5-7AA3-40D2-92BE-163E4E32C687}.Release|Any CPU.Build.0 = Release|Any CPU
	EndGlobalSection
	GlobalSection(SolutionProperties) = preSolution
		HideSolutionNode = FALSE
	EndGlobalSection
	GlobalSection(ExtensibilityGlobals) = postSolution
		SolutionGuid = {868C9492-A07F-48BB-943E-63C5F7C1C86B}
	EndGlobalSection
EndGlobal
